
Microsoft Visual Studio Solution File, Format Version 12.00
# Visual Studio Version 16
VisualStudioVersion = 25.0.1705.6
MinimumVisualStudioVersion = 10.0.40219.1
Project("{FAE04EC0-301F-11D3-BF4B-00C04F79EFBC}") = "cityInfo.API", "cityInfo.API\cityInfo.API.csproj", "{332AAE57-0679-44A3-8D31-B414A338A6A7}"
EndProject
Global
	GlobalSection(SolutionConfigurationPlatforms) = preSolution
		Debug|Any CPU = Debug|Any CPU
		Release|Any CPU = Release|Any CPU
	EndGlobalSection
	GlobalSection(ProjectConfigurationPlatforms) = postSolution
		{332AAE57-0679-44A3-8D31-B414A338A6A7}.Debug|Any CPU.ActiveCfg = Debug|Any CPU
		{332AAE57-0679-44A3-8D31-B414A338A6A7}.Debug|Any CPU.Build.0 = Debug|Any CPU
		{332AAE57-0679-44A3-8D31-B414A338A6A7}.Release|Any CPU.ActiveCfg = Release|Any CPU
		{332AAE57-0679-44A3-8D31-B414A338A6A7}.Release|Any CPU.Build.0 = Release|Any CPU
	EndGlobalSection
	GlobalSection(SolutionProperties) = preSolution
		HideSolutionNode = FALSE
	EndGlobalSection
	GlobalSection(ExtensibilityGlobals) = postSolution
		SolutionGuid = {D1D6A3C6-BCE5-4A7A-B109-BB59C92D2F52}
	EndGlobalSection
EndGlobal
